<?xml version="1.0" encoding="utf-8"?>
<Project ToolsVersion="4.0" xmlns:atg="http://atg.xbox.com" xmlns="http://schemas.microsoft.com/developer/msbuild/2003">
  <ItemGroup>
    <Filter Include="Resource Files">
      <UniqueIdentifier>{8e114980-c1a3-4ada-ad7c-83caadf5daeb}</UniqueIdentifier>
      <Extensions>rc;ico;cur;bmp;dlg;rc2;rct;bin;rgs;gif;jpg;jpeg;jpe</Extensions>
    </Filter>
    <Filter Include="Shaders">
      <UniqueIdentifier>{2c3d4c8c-5d1a-459a-a05a-a4e4b608a44e}</UniqueIdentifier>
      <Extensions>fx;fxh;hlsl</Extensions>
    </Filter>
    <Filter Include="Code">
      <UniqueIdentifier>{e307065d-9e83-4a33-806c-6f321a0b3ff2}</UniqueIdentifier>
    </Filter>
    <Filter Include="Virtual Classes">
      <UniqueIdentifier>{80f8d6cc-963e-41e1-8653-fde30d9258ae}</UniqueIdentifier>
    </Filter>
    <Filter Include="Virtual Classes\Mesh">
      <UniqueIdentifier>{e1ad0d7c-3fde-4ce0-9cee-45d288c0bc82}</UniqueIdentifier>
    </Filter>
    <Filter Include="Objects">
      <UniqueIdentifier>{53dfe58f-01f8-4e48-b97f-94a8ecd79724}</UniqueIdentifier>
    </Filter>
    <Filter Include="Objects\Primitives">
      <UniqueIdentifier>{cef9fc10-a976-4b28-9171-9d7a9cd0c041}</UniqueIdentifier>
    </Filter>
    <Filter Include="Objects\Primitives\Cube">
      <UniqueIdentifier>{dc1db176-4ce1-4994-8280-92eee5eae597}</UniqueIdentifier>
    </Filter>
    <Filter Include="Objects\Primitives\Sphere">
      <UniqueIdentifier>{edf6f4d2-4b78-4897-8a88-2b324c2564be}</UniqueIdentifier>
    </Filter>
    <Filter Include="Objects\Primitives\Cylinder">
      <UniqueIdentifier>{2e9ef549-ca25-4e67-b50d-57f367cbe506}</UniqueIdentifier>
    </Filter>
    <Filter Include="Objects\Primitives\Torus">
      <UniqueIdentifier>{72c2df5c-d482-429b-a215-7ca306f2b682}</UniqueIdentifier>
    </Filter>
    <Filter Include="Objects\customModel">
      <UniqueIdentifier>{f8df712b-2992-4d77-9302-1582e3d78495}</UniqueIdentifier>
    </Filter>
    <Filter Include="Virtual Classes\Lighting">
      <UniqueIdentifier>{e7ba6527-5786-48ea-82a6-c9c38696768a}</UniqueIdentifier>
    </Filter>
    <Filter Include="Lights">
      <UniqueIdentifier>{565ced38-73c8-474e-84ff-e57face50611}</UniqueIdentifier>
    </Filter>
    <Filter Include="Lights\Directional">
      <UniqueIdentifier>{82b5ce65-db47-400e-858b-01463b995074}</UniqueIdentifier>
    </Filter>
    <Filter Include="Includes">
      <UniqueIdentifier>{2ad8538a-1495-42e5-8a5d-dc321ca76ab0}</UniqueIdentifier>
    </Filter>
    <Filter Include="Virtual Classes\Camera">
      <UniqueIdentifier>{dcad8d52-832d-41ff-9ebb-1703dcb60bc2}</UniqueIdentifier>
    </Filter>
    <Filter Include="Cameras">
      <UniqueIdentifier>{e8fc1d50-3873-4706-bb01-0793a742651b}</UniqueIdentifier>
    </Filter>
    <Filter Include="Cameras\LookAt">
      <UniqueIdentifier>{f2af1239-400f-4575-8127-f177abce3b4e}</UniqueIdentifier>
    </Filter>
    <Filter Include="Cameras\DebugCamera">
      <UniqueIdentifier>{e2102078-3b9e-4f54-80b3-38237b96fe88}</UniqueIdentifier>
    </Filter>
  </ItemGroup>
  <ItemGroup>
    <ClInclude Include="Application.h">
      <Filter>Code</Filter>
    </ClInclude>
    <ClInclude Include="DDSTextureLoader.h">
      <Filter>Code</Filter>
    </ClInclude>
    <ClInclude Include="Structures.h">
      <Filter>Code</Filter>
    </ClInclude>
    <ClInclude Include="Mesh.h">
      <Filter>Virtual Classes\Mesh</Filter>
    </ClInclude>
    <ClInclude Include="cube.h">
      <Filter>Objects\Primitives\Cube</Filter>
    </ClInclude>
    <ClInclude Include="sphere.h">
      <Filter>Objects\Primitives\Sphere</Filter>
    </ClInclude>
    <ClInclude Include="cylinder.h">
      <Filter>Objects\Primitives\Cylinder</Filter>
    </ClInclude>
    <ClInclude Include="torus.h">
      <Filter>Objects\Primitives\Torus</Filter>
    </ClInclude>
    <ClInclude Include="customModel.h">
      <Filter>Objects\customModel</Filter>
    </ClInclude>
    <ClInclude Include="Light.h">
      <Filter>Virtual Classes\Lighting</Filter>
    </ClInclude>
    <ClInclude Include="directionalLight.h">
      <Filter>Lights\Directional</Filter>
    </ClInclude>
    <ClInclude Include="OBJLoader.h">
      <Filter>Code</Filter>
    </ClInclude>
    <ClInclude Include="LightingIncludes.h">
      <Filter>Includes</Filter>
    </ClInclude>
    <ClInclude Include="objectIncludes.h">
      <Filter>Includes</Filter>
    </ClInclude>
    <ClInclude Include="cameraIncludes.h">
      <Filter>Includes</Filter>
    </ClInclude>
    <ClInclude Include="Cam.h">
      <Filter>Virtual Classes\Camera</Filter>
    </ClInclude>
    <ClInclude Include="LookAtCam.h">
      <Filter>Cameras\LookAt</Filter>
    </ClInclude>
    <ClInclude Include="GameTimer.h" />
    <ClInclude Include="debugCamera.h">
      <Filter>Cameras\DebugCamera</Filter>
    </ClInclude>
    <ClInclude Include="pointLight.h" />
  </ItemGroup>
  <ItemGroup>
    <ClCompile Include="Application.cpp">
      <Filter>Code</Filter>
    </ClCompile>
    <ClCompile Include="DDSTextureLoader.cpp">
      <Filter>Code</Filter>
    </ClCompile>
    <ClCompile Include="DX11 Framework.cpp">
      <Filter>Code</Filter>
    </ClCompile>
    <ClCompile Include="Mesh.cpp">
      <Filter>Virtual Classes\Mesh</Filter>
    </ClCompile>
    <ClCompile Include="cube.cpp">
      <Filter>Objects\Primitives\Cube</Filter>
    </ClCompile>
    <ClCompile Include="sphere.cpp">
      <Filter>Objects\Primitives\Sphere</Filter>
    </ClCompile>
    <ClCompile Include="cylinder.cpp">
      <Filter>Objects\Primitives\Cylinder</Filter>
    </ClCompile>
    <ClCompile Include="torus.cpp">
      <Filter>Objects\Primitives\Torus</Filter>
    </ClCompile>
    <ClCompile Include="customModel.cpp">
      <Filter>Objects\customModel</Filter>
    </ClCompile>
    <ClCompile Include="Light.cpp">
      <Filter>Virtual Classes\Lighting</Filter>
    </ClCompile>
    <ClCompile Include="directionalLight.cpp">
      <Filter>Lights\Directional</Filter>
    </ClCompile>
    <ClCompile Include="OBJLoader.cpp">
      <Filter>Code</Filter>
    </ClCompile>
    <ClCompile Include="Cam.cpp">
      <Filter>Virtual Classes\Camera</Filter>
    </ClCompile>
    <ClCompile Include="LookAtCam.cpp">
      <Filter>Cameras\LookAt</Filter>
    </ClCompile>
    <ClCompile Include="GameTimer.cpp" />
    <ClCompile Include="debugCamera.cpp">
      <Filter>Cameras\DebugCamera</Filter>
    </ClCompile>
    <ClCompile Include="pointLight.cpp" />
  </ItemGroup>
  <ItemGroup>
    <CLInclude Include="resource.h">
      <Filter>Resource Files</Filter>
    </CLInclude>
  </ItemGroup>
  <ItemGroup>
    <ResourceCompile Include="DX11 Framework.rc">
      <Filter>Resource Files</Filter>
    </ResourceCompile>
  </ItemGroup>
  <ItemGroup>
    <None Include="DX11 Framework.fx">
      <Filter>Shaders</Filter>
    </None>
  </ItemGroup>
</Project>