<?xml version="1.0" encoding="utf-8"?>
<Project ToolsVersion="4.0" xmlns:atg="http://atg.xbox.com" xmlns="http://schemas.microsoft.com/developer/msbuild/2003">
  <ItemGroup>
    <Filter Include="Resource Files">
      <UniqueIdentifier>{8e114980-c1a3-4ada-ad7c-83caadf5daeb}</UniqueIdentifier>
      <Extensions>rc;ico;cur;bmp;dlg;rc2;rct;bin;rgs;gif;jpg;jpeg;jpe</Extensions>
    </Filter>
    <Filter Include="Shaders">
      <UniqueIdentifier>{2c3d4c8c-5d1a-459a-a05a-a4e4b608a44e}</UniqueIdentifier>
      <Extensions>fx;fxh;hlsl</Extensions>
    </Filter>
    <Filter Include="ParentClasses">
      <UniqueIdentifier>{0df5dc42-3741-46d1-bd3c-0f58e962284d}</UniqueIdentifier>
    </Filter>
    <Filter Include="Objects">
      <UniqueIdentifier>{b1dd50d5-dff6-4616-8e6a-49454b70142a}</UniqueIdentifier>
    </Filter>
  </ItemGroup>
  <ItemGroup>
    <ClInclude Include="Application.h" />
<<<<<<< HEAD:DX11 Framework 2018 Uni - Copy/DX11 Framework.vcxproj.filters
    <ClInclude Include="DDSTextureLoader.h" />
    <ClInclude Include="Mesh.h">
      <Filter>ParentClasses</Filter>
    </ClInclude>
    <ClInclude Include="Cube.h">
      <Filter>Objects</Filter>
    </ClInclude>
    <ClInclude Include="emptyObject.h">
      <Filter>Objects</Filter>
    </ClInclude>
    <ClInclude Include="Pyramid.h" />
    <ClInclude Include="Plane.h" />
=======
>>>>>>> parent of eb0c75c... Texture development:DX11 Framework 2018 Uni/DX11 Framework.vcxproj.filters
  </ItemGroup>
  <ItemGroup>
    <ClCompile Include="Application.cpp" />
    <ClCompile Include="DX11 Framework.cpp" />
<<<<<<< HEAD:DX11 Framework 2018 Uni - Copy/DX11 Framework.vcxproj.filters
    <ClCompile Include="DDSTextureLoader.cpp" />
    <ClCompile Include="Mesh.cpp">
      <Filter>ParentClasses</Filter>
    </ClCompile>
    <ClCompile Include="Cube.cpp">
      <Filter>Objects</Filter>
    </ClCompile>
    <ClCompile Include="emptyObject.cpp">
      <Filter>Objects</Filter>
    </ClCompile>
    <ClCompile Include="Pyramid.cpp" />
    <ClCompile Include="Plane.cpp" />
=======
>>>>>>> parent of eb0c75c... Texture development:DX11 Framework 2018 Uni/DX11 Framework.vcxproj.filters
  </ItemGroup>
  <ItemGroup>
    <CLInclude Include="resource.h">
      <Filter>Resource Files</Filter>
    </CLInclude>
  </ItemGroup>
  <ItemGroup>
    <None Include="DX11 Framework.fx">
      <Filter>Shaders</Filter>
    </None>
  </ItemGroup>
  <ItemGroup>
    <ResourceCompile Include="DX11 Framework.rc">
      <Filter>Resource Files</Filter>
    </ResourceCompile>
  </ItemGroup>
</Project>